
Microsoft Visual Studio Solution File, Format Version 12.00
# Visual Studio Version 17
VisualStudioVersion = 17.7.34031.279
MinimumVisualStudioVersion = 10.0.40219.1
Project("{8BC9CEB8-8B4A-11D0-8D11-00A0C91BC942}") = "lab-9", "lab-9\lab-9.vcxproj", "{6679E4DB-CFC3-428A-8D7B-367900798593}"
EndProject
Project("{8BC9CEB8-8B4A-11D0-8D11-00A0C91BC942}") = "task1.2", "task1.2\task1.2.vcxproj", "{5834361E-9F55-410B-B352-3D767D9596D4}"
EndProject
Project("{8BC9CEB8-8B4A-11D0-8D11-00A0C91BC942}") = "task1.3", "task1.3\task1.3.vcxproj", "{51FC2E7F-EE37-41AF-9BC9-3F0119BE3533}"
EndProject
Project("{8BC9CEB8-8B4A-11D0-8D11-00A0C91BC942}") = "task1.4", "task1.4\task1.4.vcxproj", "{D71D320A-18B2-4878-8AD2-3D00C4F570CF}"
EndProject
Project("{8BC9CEB8-8B4A-11D0-8D11-00A0C91BC942}") = "task2.2", "task2.1\task2.1.vcxproj", "{960E151B-ADD4-4C82-AAC5-9FDDF5E320CD}"
EndProject
Project("{8BC9CEB8-8B4A-11D0-8D11-00A0C91BC942}") = "task2.3", "task2.3\task2.3.vcxproj", "{B2A7271B-90E7-44EA-ACA5-5E369397AD1C}"
EndProject
Project("{8BC9CEB8-8B4A-11D0-8D11-00A0C91BC942}") = "task2.4", "task2.5\task2.5.vcxproj", "{E865C507-C9E0-4D52-A7B6-DBB33189E02A}"
EndProject
Project("{8BC9CEB8-8B4A-11D0-8D11-00A0C91BC942}") = "task2,.5", "task2,.5\task2,.5.vcxproj", "{B1F6FCEA-2DCE-499B-836E-504E0828EF77}"
EndProject
Project("{8BC9CEB8-8B4A-11D0-8D11-00A0C91BC942}") = "task4", "task4\task4.vcxproj", "{4F58B764-177A-4CFE-A28D-B9DB784C539B}"
EndProject
Project("{8BC9CEB8-8B4A-11D0-8D11-00A0C91BC942}") = "task5.2", "task 5.1\task 5.1.vcxproj", "{2EA1B001-C02A-4AE2-BDBD-39AC69BE5471}"
EndProject
Project("{8BC9CEB8-8B4A-11D0-8D11-00A0C91BC942}") = "task5.3", "task5.2\task5.2.vcxproj", "{4822DD3C-4E16-4B29-AA8E-D1DB2377DCD1}"
EndProject
Project("{8BC9CEB8-8B4A-11D0-8D11-00A0C91BC942}") = "task5.4", "task5.3\task5.3.vcxproj", "{EBE0FEAE-C3BF-42A3-B0D2-9BF63BBAF817}"
EndProject
Project("{8BC9CEB8-8B4A-11D0-8D11-00A0C91BC942}") = "task5.1", "task5.1\task5.1.vcxproj", "{C938A890-1A21-48C3-8E23-F6D2EB686278}"
EndProject
Global
	GlobalSection(SolutionConfigurationPlatforms) = preSolution
		Debug|x64 = Debug|x64
		Debug|x86 = Debug|x86
		Release|x64 = Release|x64
		Release|x86 = Release|x86
	EndGlobalSection
	GlobalSection(ProjectConfigurationPlatforms) = postSolution
		{6679E4DB-CFC3-428A-8D7B-367900798593}.Debug|x64.ActiveCfg = Debug|x64
		{6679E4DB-CFC3-428A-8D7B-367900798593}.Debug|x64.Build.0 = Debug|x64
		{6679E4DB-CFC3-428A-8D7B-367900798593}.Debug|x86.ActiveCfg = Debug|Win32
		{6679E4DB-CFC3-428A-8D7B-367900798593}.Debug|x86.Build.0 = Debug|Win32
		{6679E4DB-CFC3-428A-8D7B-367900798593}.Release|x64.ActiveCfg = Release|x64
		{6679E4DB-CFC3-428A-8D7B-367900798593}.Release|x64.Build.0 = Release|x64
		{6679E4DB-CFC3-428A-8D7B-367900798593}.Release|x86.ActiveCfg = Release|Win32
		{6679E4DB-CFC3-428A-8D7B-367900798593}.Release|x86.Build.0 = Release|Win32
		{5834361E-9F55-410B-B352-3D767D9596D4}.Debug|x64.ActiveCfg = Debug|x64
		{5834361E-9F55-410B-B352-3D767D9596D4}.Debug|x64.Build.0 = Debug|x64
		{5834361E-9F55-410B-B352-3D767D9596D4}.Debug|x86.ActiveCfg = Debug|Win32
		{5834361E-9F55-410B-B352-3D767D9596D4}.Debug|x86.Build.0 = Debug|Win32
		{5834361E-9F55-410B-B352-3D767D9596D4}.Release|x64.ActiveCfg = Release|x64
		{5834361E-9F55-410B-B352-3D767D9596D4}.Release|x64.Build.0 = Release|x64
		{5834361E-9F55-410B-B352-3D767D9596D4}.Release|x86.ActiveCfg = Release|Win32
		{5834361E-9F55-410B-B352-3D767D9596D4}.Release|x86.Build.0 = Release|Win32
		{51FC2E7F-EE37-41AF-9BC9-3F0119BE3533}.Debug|x64.ActiveCfg = Debug|x64
		{51FC2E7F-EE37-41AF-9BC9-3F0119BE3533}.Debug|x64.Build.0 = Debug|x64
		{51FC2E7F-EE37-41AF-9BC9-3F0119BE3533}.Debug|x86.ActiveCfg = Debug|Win32
		{51FC2E7F-EE37-41AF-9BC9-3F0119BE3533}.Debug|x86.Build.0 = Debug|Win32
		{51FC2E7F-EE37-41AF-9BC9-3F0119BE3533}.Release|x64.ActiveCfg = Release|x64
		{51FC2E7F-EE37-41AF-9BC9-3F0119BE3533}.Release|x64.Build.0 = Release|x64
		{51FC2E7F-EE37-41AF-9BC9-3F0119BE3533}.Release|x86.ActiveCfg = Release|Win32
		{51FC2E7F-EE37-41AF-9BC9-3F0119BE3533}.Release|x86.Build.0 = Release|Win32
		{D71D320A-18B2-4878-8AD2-3D00C4F570CF}.Debug|x64.ActiveCfg = Debug|x64
		{D71D320A-18B2-4878-8AD2-3D00C4F570CF}.Debug|x64.Build.0 = Debug|x64
		{D71D320A-18B2-4878-8AD2-3D00C4F570CF}.Debug|x86.ActiveCfg = Debug|Win32
		{D71D320A-18B2-4878-8AD2-3D00C4F570CF}.Debug|x86.Build.0 = Debug|Win32
		{D71D320A-18B2-4878-8AD2-3D00C4F570CF}.Release|x64.ActiveCfg = Release|x64
		{D71D320A-18B2-4878-8AD2-3D00C4F570CF}.Release|x64.Build.0 = Release|x64
		{D71D320A-18B2-4878-8AD2-3D00C4F570CF}.Release|x86.ActiveCfg = Release|Win32
		{D71D320A-18B2-4878-8AD2-3D00C4F570CF}.Release|x86.Build.0 = Release|Win32
		{960E151B-ADD4-4C82-AAC5-9FDDF5E320CD}.Debug|x64.ActiveCfg = Debug|x64
		{960E151B-ADD4-4C82-AAC5-9FDDF5E320CD}.Debug|x64.Build.0 = Debug|x64
		{960E151B-ADD4-4C82-AAC5-9FDDF5E320CD}.Debug|x86.ActiveCfg = Debug|Win32
		{960E151B-ADD4-4C82-AAC5-9FDDF5E320CD}.Debug|x86.Build.0 = Debug|Win32
		{960E151B-ADD4-4C82-AAC5-9FDDF5E320CD}.Release|x64.ActiveCfg = Release|x64
		{960E151B-ADD4-4C82-AAC5-9FDDF5E320CD}.Release|x64.Build.0 = Release|x64
		{960E151B-ADD4-4C82-AAC5-9FDDF5E320CD}.Release|x86.ActiveCfg = Release|Win32
		{960E151B-ADD4-4C82-AAC5-9FDDF5E320CD}.Release|x86.Build.0 = Release|Win32
		{B2A7271B-90E7-44EA-ACA5-5E369397AD1C}.Debug|x64.ActiveCfg = Debug|x64
		{B2A7271B-90E7-44EA-ACA5-5E369397AD1C}.Debug|x64.Build.0 = Debug|x64
		{B2A7271B-90E7-44EA-ACA5-5E369397AD1C}.Debug|x86.ActiveCfg = Debug|Win32
		{B2A7271B-90E7-44EA-ACA5-5E369397AD1C}.Debug|x86.Build.0 = Debug|Win32
		{B2A7271B-90E7-44EA-ACA5-5E369397AD1C}.Release|x64.ActiveCfg = Release|x64
		{B2A7271B-90E7-44EA-ACA5-5E369397AD1C}.Release|x64.Build.0 = Release|x64
		{B2A7271B-90E7-44EA-ACA5-5E369397AD1C}.Release|x86.ActiveCfg = Release|Win32
		{B2A7271B-90E7-44EA-ACA5-5E369397AD1C}.Release|x86.Build.0 = Release|Win32
		{E865C507-C9E0-4D52-A7B6-DBB33189E02A}.Debug|x64.ActiveCfg = Debug|x64
		{E865C507-C9E0-4D52-A7B6-DBB33189E02A}.Debug|x64.Build.0 = Debug|x64
		{E865C507-C9E0-4D52-A7B6-DBB33189E02A}.Debug|x86.ActiveCfg = Debug|Win32
		{E865C507-C9E0-4D52-A7B6-DBB33189E02A}.Debug|x86.Build.0 = Debug|Win32
		{E865C507-C9E0-4D52-A7B6-DBB33189E02A}.Release|x64.ActiveCfg = Release|x64
		{E865C507-C9E0-4D52-A7B6-DBB33189E02A}.Release|x64.Build.0 = Release|x64
		{E865C507-C9E0-4D52-A7B6-DBB33189E02A}.Release|x86.ActiveCfg = Release|Win32
		{E865C507-C9E0-4D52-A7B6-DBB33189E02A}.Release|x86.Build.0 = Release|Win32
		{B1F6FCEA-2DCE-499B-836E-504E0828EF77}.Debug|x64.ActiveCfg = Debug|x64
		{B1F6FCEA-2DCE-499B-836E-504E0828EF77}.Debug|x64.Build.0 = Debug|x64
		{B1F6FCEA-2DCE-499B-836E-504E0828EF77}.Debug|x86.ActiveCfg = Debug|Win32
		{B1F6FCEA-2DCE-499B-836E-504E0828EF77}.Debug|x86.Build.0 = Debug|Win32
		{B1F6FCEA-2DCE-499B-836E-504E0828EF77}.Release|x64.ActiveCfg = Release|x64
		{B1F6FCEA-2DCE-499B-836E-504E0828EF77}.Release|x64.Build.0 = Release|x64
		{B1F6FCEA-2DCE-499B-836E-504E0828EF77}.Release|x86.ActiveCfg = Release|Win32
		{B1F6FCEA-2DCE-499B-836E-504E0828EF77}.Release|x86.Build.0 = Release|Win32
		{4F58B764-177A-4CFE-A28D-B9DB784C539B}.Debug|x64.ActiveCfg = Debug|x64
		{4F58B764-177A-4CFE-A28D-B9DB784C539B}.Debug|x64.Build.0 = Debug|x64
		{4F58B764-177A-4CFE-A28D-B9DB784C539B}.Debug|x86.ActiveCfg = Debug|Win32
		{4F58B764-177A-4CFE-A28D-B9DB784C539B}.Debug|x86.Build.0 = Debug|Win32
		{4F58B764-177A-4CFE-A28D-B9DB784C539B}.Release|x64.ActiveCfg = Release|x64
		{4F58B764-177A-4CFE-A28D-B9DB784C539B}.Release|x64.Build.0 = Release|x64
		{4F58B764-177A-4CFE-A28D-B9DB784C539B}.Release|x86.ActiveCfg = Release|Win32
		{4F58B764-177A-4CFE-A28D-B9DB784C539B}.Release|x86.Build.0 = Release|Win32
		{2EA1B001-C02A-4AE2-BDBD-39AC69BE5471}.Debug|x64.ActiveCfg = Debug|x64
		{2EA1B001-C02A-4AE2-BDBD-39AC69BE5471}.Debug|x64.Build.0 = Debug|x64
		{2EA1B001-C02A-4AE2-BDBD-39AC69BE5471}.Debug|x86.ActiveCfg = Debug|Win32
		{2EA1B001-C02A-4AE2-BDBD-39AC69BE5471}.Debug|x86.Build.0 = Debug|Win32
		{2EA1B001-C02A-4AE2-BDBD-39AC69BE5471}.Release|x64.ActiveCfg = Release|x64
		{2EA1B001-C02A-4AE2-BDBD-39AC69BE5471}.Release|x64.Build.0 = Release|x64
		{2EA1B001-C02A-4AE2-BDBD-39AC69BE5471}.Release|x86.ActiveCfg = Release|Win32
		{2EA1B001-C02A-4AE2-BDBD-39AC69BE5471}.Release|x86.Build.0 = Release|Win32
		{4822DD3C-4E16-4B29-AA8E-D1DB2377DCD1}.Debug|x64.ActiveCfg = Debug|x64
		{4822DD3C-4E16-4B29-AA8E-D1DB2377DCD1}.Debug|x64.Build.0 = Debug|x64
		{4822DD3C-4E16-4B29-AA8E-D1DB2377DCD1}.Debug|x86.ActiveCfg = Debug|Win32
		{4822DD3C-4E16-4B29-AA8E-D1DB2377DCD1}.Debug|x86.Build.0 = Debug|Win32
		{4822DD3C-4E16-4B29-AA8E-D1DB2377DCD1}.Release|x64.ActiveCfg = Release|x64
		{4822DD3C-4E16-4B29-AA8E-D1DB2377DCD1}.Release|x64.Build.0 = Release|x64
		{4822DD3C-4E16-4B29-AA8E-D1DB2377DCD1}.Release|x86.ActiveCfg = Release|Win32
		{4822DD3C-4E16-4B29-AA8E-D1DB2377DCD1}.Release|x86.Build.0 = Release|Win32
		{EBE0FEAE-C3BF-42A3-B0D2-9BF63BBAF817}.Debug|x64.ActiveCfg = Debug|x64
		{EBE0FEAE-C3BF-42A3-B0D2-9BF63BBAF817}.Debug|x64.Build.0 = Debug|x64
		{EBE0FEAE-C3BF-42A3-B0D2-9BF63BBAF817}.Debug|x86.ActiveCfg = Debug|Win32
		{EBE0FEAE-C3BF-42A3-B0D2-9BF63BBAF817}.Debug|x86.Build.0 = Debug|Win32
		{EBE0FEAE-C3BF-42A3-B0D2-9BF63BBAF817}.Release|x64.ActiveCfg = Release|x64
		{EBE0FEAE-C3BF-42A3-B0D2-9BF63BBAF817}.Release|x64.Build.0 = Release|x64
		{EBE0FEAE-C3BF-42A3-B0D2-9BF63BBAF817}.Release|x86.ActiveCfg = Release|Win32
		{EBE0FEAE-C3BF-42A3-B0D2-9BF63BBAF817}.Release|x86.Build.0 = Release|Win32
		{C938A890-1A21-48C3-8E23-F6D2EB686278}.Debug|x64.ActiveCfg = Debug|x64
		{C938A890-1A21-48C3-8E23-F6D2EB686278}.Debug|x64.Build.0 = Debug|x64
		{C938A890-1A21-48C3-8E23-F6D2EB686278}.Debug|x86.ActiveCfg = Debug|Win32
		{C938A890-1A21-48C3-8E23-F6D2EB686278}.Debug|x86.Build.0 = Debug|Win32
		{C938A890-1A21-48C3-8E23-F6D2EB686278}.Release|x64.ActiveCfg = Release|x64
		{C938A890-1A21-48C3-8E23-F6D2EB686278}.Release|x64.Build.0 = Release|x64
		{C938A890-1A21-48C3-8E23-F6D2EB686278}.Release|x86.ActiveCfg = Release|Win32
		{C938A890-1A21-48C3-8E23-F6D2EB686278}.Release|x86.Build.0 = Release|Win32
	EndGlobalSection
	GlobalSection(SolutionProperties) = preSolution
		HideSolutionNode = FALSE
	EndGlobalSection
	GlobalSection(ExtensibilityGlobals) = postSolution
		SolutionGuid = {42FD7D77-1DAB-439F-9256-7AA636BFA141}
	EndGlobalSection
EndGlobal
