
Microsoft Visual Studio Solution File, Format Version 12.00
# Visual Studio Version 17
VisualStudioVersion = 17.7.34031.279
MinimumVisualStudioVersion = 10.0.40219.1
Project("{8BC9CEB8-8B4A-11D0-8D11-00A0C91BC942}") = "lab_6", "lab_6\lab_6.vcxproj", "{52BD0855-3FF7-4A6A-AD91-59B2A607CB3E}"
EndProject
Project("{8BC9CEB8-8B4A-11D0-8D11-00A0C91BC942}") = "task-1", "task-1\task-1.vcxproj", "{72E74577-5D23-4ACC-869D-E0DA58B2978E}"
EndProject
Project("{8BC9CEB8-8B4A-11D0-8D11-00A0C91BC942}") = "task-2", "task-2\task-2.vcxproj", "{E929FF1E-45F4-432E-90C8-11DAF0853795}"
EndProject
Project("{8BC9CEB8-8B4A-11D0-8D11-00A0C91BC942}") = "task-3", "task-3\task-3.vcxproj", "{96EAA760-5644-4D35-8A24-A8E5B760AEF4}"
EndProject
Project("{8BC9CEB8-8B4A-11D0-8D11-00A0C91BC942}") = "task-4", "task-4\task-4.vcxproj", "{0D0D93DE-EC47-48D7-B2FA-1EE9358B9190}"
EndProject
Project("{8BC9CEB8-8B4A-11D0-8D11-00A0C91BC942}") = "task-6", "task-6\task-6.vcxproj", "{9BE124EB-BC70-4303-A38D-D5F51789A41A}"
EndProject
Project("{8BC9CEB8-8B4A-11D0-8D11-00A0C91BC942}") = "task-5", "task-5\task-5.vcxproj", "{089D3DAB-44DC-4B60-A228-DCAE062387C4}"
EndProject
Global
	GlobalSection(SolutionConfigurationPlatforms) = preSolution
		Debug|x64 = Debug|x64
		Debug|x86 = Debug|x86
		Release|x64 = Release|x64
		Release|x86 = Release|x86
	EndGlobalSection
	GlobalSection(ProjectConfigurationPlatforms) = postSolution
		{52BD0855-3FF7-4A6A-AD91-59B2A607CB3E}.Debug|x64.ActiveCfg = Debug|x64
		{52BD0855-3FF7-4A6A-AD91-59B2A607CB3E}.Debug|x64.Build.0 = Debug|x64
		{52BD0855-3FF7-4A6A-AD91-59B2A607CB3E}.Debug|x86.ActiveCfg = Debug|Win32
		{52BD0855-3FF7-4A6A-AD91-59B2A607CB3E}.Debug|x86.Build.0 = Debug|Win32
		{52BD0855-3FF7-4A6A-AD91-59B2A607CB3E}.Release|x64.ActiveCfg = Release|x64
		{52BD0855-3FF7-4A6A-AD91-59B2A607CB3E}.Release|x64.Build.0 = Release|x64
		{52BD0855-3FF7-4A6A-AD91-59B2A607CB3E}.Release|x86.ActiveCfg = Release|Win32
		{52BD0855-3FF7-4A6A-AD91-59B2A607CB3E}.Release|x86.Build.0 = Release|Win32
		{72E74577-5D23-4ACC-869D-E0DA58B2978E}.Debug|x64.ActiveCfg = Debug|x64
		{72E74577-5D23-4ACC-869D-E0DA58B2978E}.Debug|x64.Build.0 = Debug|x64
		{72E74577-5D23-4ACC-869D-E0DA58B2978E}.Debug|x86.ActiveCfg = Debug|Win32
		{72E74577-5D23-4ACC-869D-E0DA58B2978E}.Debug|x86.Build.0 = Debug|Win32
		{72E74577-5D23-4ACC-869D-E0DA58B2978E}.Release|x64.ActiveCfg = Release|x64
		{72E74577-5D23-4ACC-869D-E0DA58B2978E}.Release|x64.Build.0 = Release|x64
		{72E74577-5D23-4ACC-869D-E0DA58B2978E}.Release|x86.ActiveCfg = Release|Win32
		{72E74577-5D23-4ACC-869D-E0DA58B2978E}.Release|x86.Build.0 = Release|Win32
		{E929FF1E-45F4-432E-90C8-11DAF0853795}.Debug|x64.ActiveCfg = Debug|x64
		{E929FF1E-45F4-432E-90C8-11DAF0853795}.Debug|x64.Build.0 = Debug|x64
		{E929FF1E-45F4-432E-90C8-11DAF0853795}.Debug|x86.ActiveCfg = Debug|Win32
		{E929FF1E-45F4-432E-90C8-11DAF0853795}.Debug|x86.Build.0 = Debug|Win32
		{E929FF1E-45F4-432E-90C8-11DAF0853795}.Release|x64.ActiveCfg = Release|x64
		{E929FF1E-45F4-432E-90C8-11DAF0853795}.Release|x64.Build.0 = Release|x64
		{E929FF1E-45F4-432E-90C8-11DAF0853795}.Release|x86.ActiveCfg = Release|Win32
		{E929FF1E-45F4-432E-90C8-11DAF0853795}.Release|x86.Build.0 = Release|Win32
		{96EAA760-5644-4D35-8A24-A8E5B760AEF4}.Debug|x64.ActiveCfg = Debug|x64
		{96EAA760-5644-4D35-8A24-A8E5B760AEF4}.Debug|x64.Build.0 = Debug|x64
		{96EAA760-5644-4D35-8A24-A8E5B760AEF4}.Debug|x86.ActiveCfg = Debug|Win32
		{96EAA760-5644-4D35-8A24-A8E5B760AEF4}.Debug|x86.Build.0 = Debug|Win32
		{96EAA760-5644-4D35-8A24-A8E5B760AEF4}.Release|x64.ActiveCfg = Release|x64
		{96EAA760-5644-4D35-8A24-A8E5B760AEF4}.Release|x64.Build.0 = Release|x64
		{96EAA760-5644-4D35-8A24-A8E5B760AEF4}.Release|x86.ActiveCfg = Release|Win32
		{96EAA760-5644-4D35-8A24-A8E5B760AEF4}.Release|x86.Build.0 = Release|Win32
		{0D0D93DE-EC47-48D7-B2FA-1EE9358B9190}.Debug|x64.ActiveCfg = Debug|x64
		{0D0D93DE-EC47-48D7-B2FA-1EE9358B9190}.Debug|x64.Build.0 = Debug|x64
		{0D0D93DE-EC47-48D7-B2FA-1EE9358B9190}.Debug|x86.ActiveCfg = Debug|Win32
		{0D0D93DE-EC47-48D7-B2FA-1EE9358B9190}.Debug|x86.Build.0 = Debug|Win32
		{0D0D93DE-EC47-48D7-B2FA-1EE9358B9190}.Release|x64.ActiveCfg = Release|x64
		{0D0D93DE-EC47-48D7-B2FA-1EE9358B9190}.Release|x64.Build.0 = Release|x64
		{0D0D93DE-EC47-48D7-B2FA-1EE9358B9190}.Release|x86.ActiveCfg = Release|Win32
		{0D0D93DE-EC47-48D7-B2FA-1EE9358B9190}.Release|x86.Build.0 = Release|Win32
		{9BE124EB-BC70-4303-A38D-D5F51789A41A}.Debug|x64.ActiveCfg = Debug|x64
		{9BE124EB-BC70-4303-A38D-D5F51789A41A}.Debug|x64.Build.0 = Debug|x64
		{9BE124EB-BC70-4303-A38D-D5F51789A41A}.Debug|x86.ActiveCfg = Debug|Win32
		{9BE124EB-BC70-4303-A38D-D5F51789A41A}.Debug|x86.Build.0 = Debug|Win32
		{9BE124EB-BC70-4303-A38D-D5F51789A41A}.Release|x64.ActiveCfg = Release|x64
		{9BE124EB-BC70-4303-A38D-D5F51789A41A}.Release|x64.Build.0 = Release|x64
		{9BE124EB-BC70-4303-A38D-D5F51789A41A}.Release|x86.ActiveCfg = Release|Win32
		{9BE124EB-BC70-4303-A38D-D5F51789A41A}.Release|x86.Build.0 = Release|Win32
		{089D3DAB-44DC-4B60-A228-DCAE062387C4}.Debug|x64.ActiveCfg = Debug|x64
		{089D3DAB-44DC-4B60-A228-DCAE062387C4}.Debug|x64.Build.0 = Debug|x64
		{089D3DAB-44DC-4B60-A228-DCAE062387C4}.Debug|x86.ActiveCfg = Debug|Win32
		{089D3DAB-44DC-4B60-A228-DCAE062387C4}.Debug|x86.Build.0 = Debug|Win32
		{089D3DAB-44DC-4B60-A228-DCAE062387C4}.Release|x64.ActiveCfg = Release|x64
		{089D3DAB-44DC-4B60-A228-DCAE062387C4}.Release|x64.Build.0 = Release|x64
		{089D3DAB-44DC-4B60-A228-DCAE062387C4}.Release|x86.ActiveCfg = Release|Win32
		{089D3DAB-44DC-4B60-A228-DCAE062387C4}.Release|x86.Build.0 = Release|Win32
	EndGlobalSection
	GlobalSection(SolutionProperties) = preSolution
		HideSolutionNode = FALSE
	EndGlobalSection
	GlobalSection(ExtensibilityGlobals) = postSolution
		SolutionGuid = {2642F577-17C3-4481-880E-82868AA69382}
	EndGlobalSection
EndGlobal
